{
  "nodes": {
    "gen-prelude": {
      "locked": {
        "lastModified": 1782518603,
        "narHash": "sha256-z6j2eeK0aFG3qYFwcLoFmV2XMfP30oLFem8jGUT8f0Q=",
        "owner": "sini",
        "repo": "gen-prelude",
        "rev": "4682b7ef4356d081df80b5b77a43aff6e5080891",
        "type": "github"
      },
      "original": {
        "owner": "sini",
        "repo": "gen-prelude",
        "type": "github"
      }
    },
    "root": {
      "inputs": {
        "gen-prelude": "gen-prelude"
      }
    }
  },
  "root": "root",
  "version": 7
}
